
Microsoft Visual Studio Solution File, Format Version 12.00
# Visual Studio 2012
Project("{FAE04EC0-301F-11D3-BF4B-00C04F79EFBC}") = "Exemplo - Radio Button", "Exemplo - Radio Button\Exemplo - Radio Button.csproj", "{1218EFAE-8B79-4512-9D25-E38D58403AFD}"
EndProject
Global
	GlobalSection(SolutionConfigurationPlatforms) = preSolution
		Debug|Any CPU = Debug|Any CPU
		Release|Any CPU = Release|Any CPU
	EndGlobalSection
	GlobalSection(ProjectConfigurationPlatforms) = postSolution
		{1218EFAE-8B79-4512-9D25-E38D58403AFD}.Debug|Any CPU.ActiveCfg = Debug|Any CPU
		{1218EFAE-8B79-4512-9D25-E38D58403AFD}.Debug|Any CPU.Build.0 = Debug|Any CPU
		{1218EFAE-8B79-4512-9D25-E38D58403AFD}.Release|Any CPU.ActiveCfg = Release|Any CPU
		{1218EFAE-8B79-4512-9D25-E38D58403AFD}.Release|Any CPU.Build.0 = Release|Any CPU
	EndGlobalSection
	GlobalSection(SolutionProperties) = preSolution
		HideSolutionNode = FALSE
	EndGlobalSection
EndGlobal
