
Microsoft Visual Studio Solution File, Format Version 12.00
# Visual Studio 2012
Project("{FAE04EC0-301F-11D3-BF4B-00C04F79EFBC}") = "Tabela periódica", "Tabela periódica\Tabela periódica.csproj", "{C3953085-C2CF-4BFB-8AB1-B56AEE52DA40}"
EndProject
Global
	GlobalSection(SolutionConfigurationPlatforms) = preSolution
		Debug|Any CPU = Debug|Any CPU
		Release|Any CPU = Release|Any CPU
	EndGlobalSection
	GlobalSection(ProjectConfigurationPlatforms) = postSolution
		{C3953085-C2CF-4BFB-8AB1-B56AEE52DA40}.Debug|Any CPU.ActiveCfg = Debug|Any CPU
		{C3953085-C2CF-4BFB-8AB1-B56AEE52DA40}.Debug|Any CPU.Build.0 = Debug|Any CPU
		{C3953085-C2CF-4BFB-8AB1-B56AEE52DA40}.Release|Any CPU.ActiveCfg = Release|Any CPU
		{C3953085-C2CF-4BFB-8AB1-B56AEE52DA40}.Release|Any CPU.Build.0 = Release|Any CPU
	EndGlobalSection
	GlobalSection(SolutionProperties) = preSolution
		HideSolutionNode = FALSE
	EndGlobalSection
EndGlobal
